
Microsoft Visual Studio Solution File, Format Version 12.00
# Visual Studio Version 16
VisualStudioVersion = 16.0.32106.194
MinimumVisualStudioVersion = 10.0.40219.1
Project("{FAE04EC0-301F-11D3-BF4B-00C04F79EFBC}") = "UserRegistrationWithMSTesting", "UserRegistrationWithMSTesting.csproj", "{E7CEADB0-6FFB-42EB-A346-C4E5518FDD9D}"
EndProject
Project("{FAE04EC0-301F-11D3-BF4B-00C04F79EFBC}") = "UserRegistrationTest", "UserRegistrationTest\UserRegistrationTest.csproj", "{515396EF-0CE4-4721-B6DB-915238EE62E4}"
EndProject
Global
	GlobalSection(SolutionConfigurationPlatforms) = preSolution
		Debug|Any CPU = Debug|Any CPU
		Release|Any CPU = Release|Any CPU
	EndGlobalSection
	GlobalSection(ProjectConfigurationPlatforms) = postSolution
		{E7CEADB0-6FFB-42EB-A346-C4E5518FDD9D}.Debug|Any CPU.ActiveCfg = Debug|Any CPU
		{E7CEADB0-6FFB-42EB-A346-C4E5518FDD9D}.Debug|Any CPU.Build.0 = Debug|Any CPU
		{E7CEADB0-6FFB-42EB-A346-C4E5518FDD9D}.Release|Any CPU.ActiveCfg = Release|Any CPU
		{E7CEADB0-6FFB-42EB-A346-C4E5518FDD9D}.Release|Any CPU.Build.0 = Release|Any CPU
		{515396EF-0CE4-4721-B6DB-915238EE62E4}.Debug|Any CPU.ActiveCfg = Debug|Any CPU
		{515396EF-0CE4-4721-B6DB-915238EE62E4}.Debug|Any CPU.Build.0 = Debug|Any CPU
		{515396EF-0CE4-4721-B6DB-915238EE62E4}.Release|Any CPU.ActiveCfg = Release|Any CPU
		{515396EF-0CE4-4721-B6DB-915238EE62E4}.Release|Any CPU.Build.0 = Release|Any CPU
	EndGlobalSection
	GlobalSection(SolutionProperties) = preSolution
		HideSolutionNode = FALSE
	EndGlobalSection
	GlobalSection(ExtensibilityGlobals) = postSolution
		SolutionGuid = {ABC34184-75EF-47AA-88BA-4B96F44E60BB}
	EndGlobalSection
EndGlobal
